
Microsoft Visual Studio Solution File, Format Version 12.00
# Visual Studio 15
VisualStudioVersion = 15.0.27703.2026
MinimumVisualStudioVersion = 10.0.40219.1
Project("{FAE04EC0-301F-11D3-BF4B-00C04F79EFBC}") = "CalculatorTest.Lib", "CalculatorTest.Lib\CalculatorTest.Lib.csproj", "{C17631DC-3075-4AD2-97C1-9912939344F5}"
EndProject
Project("{FAE04EC0-301F-11D3-BF4B-00C04F79EFBC}") = "CalculatorTest.Tests", "CalculatorTest.Tests\CalculatorTest.Tests.csproj", "{F1A552B3-39A2-40CE-8780-F3D4134598C2}"
EndProject
Project("{FAE04EC0-301F-11D3-BF4B-00C04F79EFBC}") = "CalculatorTest.Client", "CalculatorTest.Client\CalculatorTest.Client.csproj", "{035D7A02-5D14-4D4A-B22D-3AC0066EE735}"
EndProject
Project("{FAE04EC0-301F-11D3-BF4B-00C04F79EFBC}") = "CalculatorTest.Data", "CalculatorTest.Data\CalculatorTest.Data.csproj", "{47D6F65A-DF50-48E5-9015-C0667A4E5CEA}"
EndProject
Project("{FAE04EC0-301F-11D3-BF4B-00C04F79EFBC}") = "CalculatorTest.Api", "CalculatorTest.Api\CalculatorTest.Api.csproj", "{63CF2ABB-C545-4656-B717-AF8ADFDDE5F0}"
EndProject
Global
	GlobalSection(SolutionConfigurationPlatforms) = preSolution
		Debug|Any CPU = Debug|Any CPU
		Release|Any CPU = Release|Any CPU
	EndGlobalSection
	GlobalSection(ProjectConfigurationPlatforms) = postSolution
		{C17631DC-3075-4AD2-97C1-9912939344F5}.Debug|Any CPU.ActiveCfg = Debug|Any CPU
		{C17631DC-3075-4AD2-97C1-9912939344F5}.Debug|Any CPU.Build.0 = Debug|Any CPU
		{C17631DC-3075-4AD2-97C1-9912939344F5}.Release|Any CPU.ActiveCfg = Release|Any CPU
		{C17631DC-3075-4AD2-97C1-9912939344F5}.Release|Any CPU.Build.0 = Release|Any CPU
		{F1A552B3-39A2-40CE-8780-F3D4134598C2}.Debug|Any CPU.ActiveCfg = Debug|Any CPU
		{F1A552B3-39A2-40CE-8780-F3D4134598C2}.Debug|Any CPU.Build.0 = Debug|Any CPU
		{F1A552B3-39A2-40CE-8780-F3D4134598C2}.Release|Any CPU.ActiveCfg = Release|Any CPU
		{F1A552B3-39A2-40CE-8780-F3D4134598C2}.Release|Any CPU.Build.0 = Release|Any CPU
		{035D7A02-5D14-4D4A-B22D-3AC0066EE735}.Debug|Any CPU.ActiveCfg = Debug|Any CPU
		{035D7A02-5D14-4D4A-B22D-3AC0066EE735}.Debug|Any CPU.Build.0 = Debug|Any CPU
		{035D7A02-5D14-4D4A-B22D-3AC0066EE735}.Release|Any CPU.ActiveCfg = Release|Any CPU
		{035D7A02-5D14-4D4A-B22D-3AC0066EE735}.Release|Any CPU.Build.0 = Release|Any CPU
		{47D6F65A-DF50-48E5-9015-C0667A4E5CEA}.Debug|Any CPU.ActiveCfg = Debug|Any CPU
		{47D6F65A-DF50-48E5-9015-C0667A4E5CEA}.Debug|Any CPU.Build.0 = Debug|Any CPU
		{47D6F65A-DF50-48E5-9015-C0667A4E5CEA}.Release|Any CPU.ActiveCfg = Release|Any CPU
		{47D6F65A-DF50-48E5-9015-C0667A4E5CEA}.Release|Any CPU.Build.0 = Release|Any CPU
		{63CF2ABB-C545-4656-B717-AF8ADFDDE5F0}.Debug|Any CPU.ActiveCfg = Debug|Any CPU
		{63CF2ABB-C545-4656-B717-AF8ADFDDE5F0}.Debug|Any CPU.Build.0 = Debug|Any CPU
		{63CF2ABB-C545-4656-B717-AF8ADFDDE5F0}.Release|Any CPU.ActiveCfg = Release|Any CPU
		{63CF2ABB-C545-4656-B717-AF8ADFDDE5F0}.Release|Any CPU.Build.0 = Release|Any CPU
	EndGlobalSection
	GlobalSection(SolutionProperties) = preSolution
		HideSolutionNode = FALSE
	EndGlobalSection
	GlobalSection(ExtensibilityGlobals) = postSolution
		SolutionGuid = {9C502E48-4F47-4AA5-8DF3-0DFC9B12A60D}
	EndGlobalSection
EndGlobal
